
Microsoft Visual Studio Solution File, Format Version 12.00
# Visual Studio Version 17
VisualStudioVersion = 17.10.35013.160
MinimumVisualStudioVersion = 10.0.40219.1
Project("{FAE04EC0-301F-11D3-BF4B-00C04F79EFBC}") = "LINQDemos", "LINQDemos\LINQDemos.csproj", "{3C99441E-A309-421B-95AF-9156C9DD755C}"
EndProject
Project("{FAE04EC0-301F-11D3-BF4B-00C04F79EFBC}") = "ADONetDemo", "ADONetDemo\ADONetDemo.csproj", "{BEF83475-11B0-4DAD-AA46-EB15E2F46505}"
EndProject
Global
	GlobalSection(SolutionConfigurationPlatforms) = preSolution
		Debug|Any CPU = Debug|Any CPU
		Release|Any CPU = Release|Any CPU
	EndGlobalSection
	GlobalSection(ProjectConfigurationPlatforms) = postSolution
		{3C99441E-A309-421B-95AF-9156C9DD755C}.Debug|Any CPU.ActiveCfg = Debug|Any CPU
		{3C99441E-A309-421B-95AF-9156C9DD755C}.Debug|Any CPU.Build.0 = Debug|Any CPU
		{3C99441E-A309-421B-95AF-9156C9DD755C}.Release|Any CPU.ActiveCfg = Release|Any CPU
		{3C99441E-A309-421B-95AF-9156C9DD755C}.Release|Any CPU.Build.0 = Release|Any CPU
		{BEF83475-11B0-4DAD-AA46-EB15E2F46505}.Debug|Any CPU.ActiveCfg = Debug|Any CPU
		{BEF83475-11B0-4DAD-AA46-EB15E2F46505}.Debug|Any CPU.Build.0 = Debug|Any CPU
		{BEF83475-11B0-4DAD-AA46-EB15E2F46505}.Release|Any CPU.ActiveCfg = Release|Any CPU
		{BEF83475-11B0-4DAD-AA46-EB15E2F46505}.Release|Any CPU.Build.0 = Release|Any CPU
	EndGlobalSection
	GlobalSection(SolutionProperties) = preSolution
		HideSolutionNode = FALSE
	EndGlobalSection
	GlobalSection(ExtensibilityGlobals) = postSolution
		SolutionGuid = {AF0E81D3-8242-4DB9-9212-99BEA47E6E94}
	EndGlobalSection
EndGlobal
